
Microsoft Visual Studio Solution File, Format Version 12.00
# Visual Studio Version 17
VisualStudioVersion = 17.6.33712.159
MinimumVisualStudioVersion = 10.0.40219.1
Project("{FAE04EC0-301F-11D3-BF4B-00C04F79EFBC}") = "ConsoleApp1", "ConsoleApp1\ConsoleApp1.csproj", "{7C8ADB9E-CEC6-4C9F-98B4-4CF926B19770}"
EndProject
Global
	GlobalSection(SolutionConfigurationPlatforms) = preSolution
		Debug|Any CPU = Debug|Any CPU
		Release|Any CPU = Release|Any CPU
	EndGlobalSection
	GlobalSection(ProjectConfigurationPlatforms) = postSolution
		{7C8ADB9E-CEC6-4C9F-98B4-4CF926B19770}.Debug|Any CPU.ActiveCfg = Debug|Any CPU
		{7C8ADB9E-CEC6-4C9F-98B4-4CF926B19770}.Debug|Any CPU.Build.0 = Debug|Any CPU
		{7C8ADB9E-CEC6-4C9F-98B4-4CF926B19770}.Release|Any CPU.ActiveCfg = Release|Any CPU
		{7C8ADB9E-CEC6-4C9F-98B4-4CF926B19770}.Release|Any CPU.Build.0 = Release|Any CPU
	EndGlobalSection
	GlobalSection(SolutionProperties) = preSolution
		HideSolutionNode = FALSE
	EndGlobalSection
	GlobalSection(ExtensibilityGlobals) = postSolution
		SolutionGuid = {A2278AC0-4F33-4465-8DB0-1428FAB910AD}
	EndGlobalSection
EndGlobal
